// !$*UTF8*$!
{
	archiveVersion = 1;
	classes = {
	};
	objectVersion = 77;
	objects = {

/* Begin PBXBuildFile section */
		0291D9EB147F2289FCFD85C0 /* Theme.swift in Sources */ = {isa = PBXBuildFile; fileRef = C7250406F0CE2EE6D9B1A60F /* Theme.swift */; };
		0348C931143DAF202CEAB3FB /* BentoGridView.swift in Sources */ = {isa = PBXBuildFile; fileRef = 1559FF7908EB05ED101B5610 /* BentoGridView.swift */; };
		1701113339ECB4F7F8BD3DE6 /* AnomalyAttributes.swift in Sources */ = {isa = PBXBuildFile; fileRef = 2D23B5CA7B7388F7D069ED9B /* AnomalyAttributes.swift */; };
		1C775F71731BC7A34302FCA9 /* APIClient.swift in Sources */ = {isa = PBXBuildFile; fileRef = 9B7D1F823812304C825523D4 /* APIClient.swift */; };
		2C2D05538E11233FC9E808B5 /* Assets.xcassets in Resources */ = {isa = PBXBuildFile; fileRef = B8E9E95EC7DC7745255B48CA /* Assets.xcassets */; };
		30E84AA024F91442449ED4D6 /* BentoDeckWidget.appex in Embed Foundation Extensions */ = {isa = PBXBuildFile; fileRef = B72579DB00A0D470C65A2D16 /* BentoDeckWidget.appex */; settings = {ATTRIBUTES = (RemoveHeadersOnCopy, ); }; };
		3237A8562551CFFC3A1EDBEC /* AnomalyAttributes.swift in Sources */ = {isa = PBXBuildFile; fileRef = 2D23B5CA7B7388F7D069ED9B /* AnomalyAttributes.swift */; };
		350B2A7D171A6E29C79CFA27 /* JSONValueTests.swift in Sources */ = {isa = PBXBuildFile; fileRef = BF02746382B308D8C8BDC49A /* JSONValueTests.swift */; };
		39A1FA2D3E47E502B7263487 /* Config.swift in Sources */ = {isa = PBXBuildFile; fileRef = 76C0CEF7AF390D1D6180D97F /* Config.swift */; };
		3E9DC9857EE9D19691631A72 /* BentoDeckLinkTests.swift in Sources */ = {isa = PBXBuildFile; fileRef = 646FD998400515644038D31D /* BentoDeckLinkTests.swift */; };
		4043023EC2A63DAFBED5D2FA /* SharedStore.swift in Sources */ = {isa = PBXBuildFile; fileRef = 6652D4E97E4CA868E7281012 /* SharedStore.swift */; };
		40B4AD9F4E145D135494C913 /* BentoLayout.swift in Sources */ = {isa = PBXBuildFile; fileRef = CE73979EBE12C60AC6E3408A /* BentoLayout.swift */; };
		4EFFC22710DE065113C25D38 /* Sparkline.swift in Sources */ = {isa = PBXBuildFile; fileRef = 1391BD1F68F6CA4AD060043F /* Sparkline.swift */; };
		5819DB590D4C8CCCE03E325C /* DashboardListView.swift in Sources */ = {isa = PBXBuildFile; fileRef = 0C0872674FF04EB1399B575B /* DashboardListView.swift */; };
		6B4ED0D8EB46AECFF66A014D /* SnapshotResponseTests.swift in Sources */ = {isa = PBXBuildFile; fileRef = 003DA0D8F4D0D76EDC1F4F23 /* SnapshotResponseTests.swift */; };
		6D44645F9230F24F62132C30 /* SnapshotValueTests.swift in Sources */ = {isa = PBXBuildFile; fileRef = C8930EEF19F01EC6BF63AE76 /* SnapshotValueTests.swift */; };
		703638ED7FA8934919A8BA99 /* WidgetCardView.swift in Sources */ = {isa = PBXBuildFile; fileRef = 108C73115A730D83FBB2E827 /* WidgetCardView.swift */; };
		74371F857CDCE4671F667048 /* Sparkline.swift in Sources */ = {isa = PBXBuildFile; fileRef = 1391BD1F68F6CA4AD060043F /* Sparkline.swift */; };
		7C26B0108F019E2144BECFBA /* InvestigationTests.swift in Sources */ = {isa = PBXBuildFile; fileRef = 8528CBF28F8F974774F1A2BF /* InvestigationTests.swift */; };
		7C2D1C8A1F3C4716AE765CEB /* Provider.swift in Sources */ = {isa = PBXBuildFile; fileRef = 07EC9D8FB8A885F9036C13B4 /* Provider.swift */; };
		8368A8121912B05B7E7DC9F0 /* WidgetTypeTests.swift in Sources */ = {isa = PBXBuildFile; fileRef = DBEE93697804A93AFBE9CCE5 /* WidgetTypeTests.swift */; };
		8C342234DAC6D520428D20BC /* SharedStore.swift in Sources */ = {isa = PBXBuildFile; fileRef = 6652D4E97E4CA868E7281012 /* SharedStore.swift */; };
		8D1A5DCB3EFCFA043E5FEE26 /* Dashboard.swift in Sources */ = {isa = PBXBuildFile; fileRef = 0631E05A0153DF5C1D6D0EBB /* Dashboard.swift */; };
		92AF8D8A5DA7E3A8F146132C /* HomeWidget.swift in Sources */ = {isa = PBXBuildFile; fileRef = 9041D7284BA9E60806816FA4 /* HomeWidget.swift */; };
		94912C7D66C3FDAF07FFED5A /* RootView.swift in Sources */ = {isa = PBXBuildFile; fileRef = DE67445684544EBCF9DA9793 /* RootView.swift */; };
		981944333D799BD4EBD13BE5 /* AnomalyLiveActivity.swift in Sources */ = {isa = PBXBuildFile; fileRef = 552192F29EE2BAC427C320E6 /* AnomalyLiveActivity.swift */; };
		9B0009AC45B1004AA90C32C9 /* Config.swift in Sources */ = {isa = PBXBuildFile; fileRef = 76C0CEF7AF390D1D6180D97F /* Config.swift */; };
		9FB37EBB0B439446FB70E5C6 /* FocusIntent.swift in Sources */ = {isa = PBXBuildFile; fileRef = C52F6926C9D194DED7E3E351 /* FocusIntent.swift */; };
		A2AE2437DBF271FAB77177AA /* BentoLayout.swift in Sources */ = {isa = PBXBuildFile; fileRef = CE73979EBE12C60AC6E3408A /* BentoLayout.swift */; };
		A2EBB436478292175355D103 /* SharedStoreTests.swift in Sources */ = {isa = PBXBuildFile; fileRef = 1C1B45115084E044505DD862 /* SharedStoreTests.swift */; };
		A35DEDDE0F598D3F4C52C27B /* BentoLayoutTests.swift in Sources */ = {isa = PBXBuildFile; fileRef = 641CB75ECB7AFF26A59DA791 /* BentoLayoutTests.swift */; };
		A6F50BA9302C1A0F77C29231 /* BentoDeckWidgetBundle.swift in Sources */ = {isa = PBXBuildFile; fileRef = C6E2078DF2D525B54FE32C99 /* BentoDeckWidgetBundle.swift */; };
		A9BCF9B86478D4062FB14270 /* LiveActivityManager.swift in Sources */ = {isa = PBXBuildFile; fileRef = 82186DB409A9A0CB85E9AD23 /* LiveActivityManager.swift */; };
		C7093604EC399197510DDA8E /* RefreshManager.swift in Sources */ = {isa = PBXBuildFile; fileRef = F4B989F6F04FE33D22987444 /* RefreshManager.swift */; };
		C754DAB9E096A8609035B52C /* FocusView.swift in Sources */ = {isa = PBXBuildFile; fileRef = 876AFAFB0EF140C67CC6D401 /* FocusView.swift */; };
		E40CF7B52A18853611FDA9CA /* LockWidget.swift in Sources */ = {isa = PBXBuildFile; fileRef = C7D5EC96F32468792ADF6AFE /* LockWidget.swift */; };
		E415CFD4ED4D9B1EDD3AE8DF /* FocusWidget.swift in Sources */ = {isa = PBXBuildFile; fileRef = EF0A2115E17686B1CFB0B3FD /* FocusWidget.swift */; };
		EFCD37107213DF34F08411EA /* Dashboard.swift in Sources */ = {isa = PBXBuildFile; fileRef = 0631E05A0153DF5C1D6D0EBB /* Dashboard.swift */; };
		F0346D96611D486017C89B64 /* ThemeTests.swift in Sources */ = {isa = PBXBuildFile; fileRef = D0205F643FEB50BB1328BCDC /* ThemeTests.swift */; };
		F11873EF6955B7E7C9E7D063 /* APIClient.swift in Sources */ = {isa = PBXBuildFile; fileRef = 9B7D1F823812304C825523D4 /* APIClient.swift */; };
		F252BBF8F3609827C4D62CB7 /* InvestigationDetailView.swift in Sources */ = {isa = PBXBuildFile; fileRef = 35205FBBB142EA7F70372017 /* InvestigationDetailView.swift */; };
		F999B758A9A7E659DA149278 /* BentoDeckApp.swift in Sources */ = {isa = PBXBuildFile; fileRef = 686F22EACFE0372400DF478A /* BentoDeckApp.swift */; };
		FAB6D553CAA0468DCB9EC063 /* Theme.swift in Sources */ = {isa = PBXBuildFile; fileRef = C7250406F0CE2EE6D9B1A60F /* Theme.swift */; };
		FF6701E6DF7116E9FB2B5F85 /* DashboardDetailView.swift in Sources */ = {isa = PBXBuildFile; fileRef = 820D0ED54E66451D70FAED07 /* DashboardDetailView.swift */; };
/* End PBXBuildFile section */

/* Begin PBXContainerItemProxy section */
		085F3A566482376ADF9EFB68 /* PBXContainerItemProxy */ = {
			isa = PBXContainerItemProxy;
			containerPortal = D6AC2D220DF813CCA564AA02 /* Project object */;
			proxyType = 1;
			remoteGlobalIDString = FE719512D79C8FDBC1965A22;
			remoteInfo = BentoDeckWidget;
		};
		1E050E1941003DD55E881AA0 /* PBXContainerItemProxy */ = {
			isa = PBXContainerItemProxy;
			containerPortal = D6AC2D220DF813CCA564AA02 /* Project object */;
			proxyType = 1;
			remoteGlobalIDString = 975D603E904453AF949F207F;
			remoteInfo = BentoDeck;
		};
/* End PBXContainerItemProxy section */

/* Begin PBXCopyFilesBuildPhase section */
		FCC708024D07D82258EA3076 /* Embed Foundation Extensions */ = {
			isa = PBXCopyFilesBuildPhase;
			buildActionMask = 2147483647;
			dstPath = "";
			dstSubfolderSpec = 13;
			files = (
				30E84AA024F91442449ED4D6 /* BentoDeckWidget.appex in Embed Foundation Extensions */,
			);
			name = "Embed Foundation Extensions";
			runOnlyForDeploymentPostprocessing = 0;
		};
/* End PBXCopyFilesBuildPhase section */

/* Begin PBXFileReference section */
		003DA0D8F4D0D76EDC1F4F23 /* SnapshotResponseTests.swift */ = {isa = PBXFileReference; lastKnownFileType = sourcecode.swift; path = SnapshotResponseTests.swift; sourceTree = "<group>"; };
		0631E05A0153DF5C1D6D0EBB /* Dashboard.swift */ = {isa = PBXFileReference; lastKnownFileType = sourcecode.swift; path = Dashboard.swift; sourceTree = "<group>"; };
		07EC9D8FB8A885F9036C13B4 /* Provider.swift */ = {isa = PBXFileReference; lastKnownFileType = sourcecode.swift; path = Provider.swift; sourceTree = "<group>"; };
		0C0872674FF04EB1399B575B /* DashboardListView.swift */ = {isa = PBXFileReference; lastKnownFileType = sourcecode.swift; path = DashboardListView.swift; sourceTree = "<group>"; };
		108C73115A730D83FBB2E827 /* WidgetCardView.swift */ = {isa = PBXFileReference; lastKnownFileType = sourcecode.swift; path = WidgetCardView.swift; sourceTree = "<group>"; };
		1391BD1F68F6CA4AD060043F /* Sparkline.swift */ = {isa = PBXFileReference; lastKnownFileType = sourcecode.swift; path = Sparkline.swift; sourceTree = "<group>"; };
		1559FF7908EB05ED101B5610 /* BentoGridView.swift */ = {isa = PBXFileReference; lastKnownFileType = sourcecode.swift; path = BentoGridView.swift; sourceTree = "<group>"; };
		1C1B45115084E044505DD862 /* SharedStoreTests.swift */ = {isa = PBXFileReference; lastKnownFileType = sourcecode.swift; path = SharedStoreTests.swift; sourceTree = "<group>"; };
		2D23B5CA7B7388F7D069ED9B /* AnomalyAttributes.swift */ = {isa = PBXFileReference; lastKnownFileType = sourcecode.swift; path = AnomalyAttributes.swift; sourceTree = "<group>"; };
		35205FBBB142EA7F70372017 /* InvestigationDetailView.swift */ = {isa = PBXFileReference; lastKnownFileType = sourcecode.swift; path = InvestigationDetailView.swift; sourceTree = "<group>"; };
		552192F29EE2BAC427C320E6 /* AnomalyLiveActivity.swift */ = {isa = PBXFileReference; lastKnownFileType = sourcecode.swift; path = AnomalyLiveActivity.swift; sourceTree = "<group>"; };
		641CB75ECB7AFF26A59DA791 /* BentoLayoutTests.swift */ = {isa = PBXFileReference; lastKnownFileType = sourcecode.swift; path = BentoLayoutTests.swift; sourceTree = "<group>"; };
		646FD998400515644038D31D /* BentoDeckLinkTests.swift */ = {isa = PBXFileReference; lastKnownFileType = sourcecode.swift; path = BentoDeckLinkTests.swift; sourceTree = "<group>"; };
		6652D4E97E4CA868E7281012 /* SharedStore.swift */ = {isa = PBXFileReference; lastKnownFileType = sourcecode.swift; path = SharedStore.swift; sourceTree = "<group>"; };
		686F22EACFE0372400DF478A /* BentoDeckApp.swift */ = {isa = PBXFileReference; lastKnownFileType = sourcecode.swift; path = BentoDeckApp.swift; sourceTree = "<group>"; };
		76C0CEF7AF390D1D6180D97F /* Config.swift */ = {isa = PBXFileReference; lastKnownFileType = sourcecode.swift; path = Config.swift; sourceTree = "<group>"; };
		820D0ED54E66451D70FAED07 /* DashboardDetailView.swift */ = {isa = PBXFileReference; lastKnownFileType = sourcecode.swift; path = DashboardDetailView.swift; sourceTree = "<group>"; };
		82186DB409A9A0CB85E9AD23 /* LiveActivityManager.swift */ = {isa = PBXFileReference; lastKnownFileType = sourcecode.swift; path = LiveActivityManager.swift; sourceTree = "<group>"; };
		8528CBF28F8F974774F1A2BF /* InvestigationTests.swift */ = {isa = PBXFileReference; lastKnownFileType = sourcecode.swift; path = InvestigationTests.swift; sourceTree = "<group>"; };
		876AFAFB0EF140C67CC6D401 /* FocusView.swift */ = {isa = PBXFileReference; lastKnownFileType = sourcecode.swift; path = FocusView.swift; sourceTree = "<group>"; };
		9041D7284BA9E60806816FA4 /* HomeWidget.swift */ = {isa = PBXFileReference; lastKnownFileType = sourcecode.swift; path = HomeWidget.swift; sourceTree = "<group>"; };
		9B7D1F823812304C825523D4 /* APIClient.swift */ = {isa = PBXFileReference; lastKnownFileType = sourcecode.swift; path = APIClient.swift; sourceTree = "<group>"; };
		B5472249BA7F461F6B63D61A /* BentoDeckTests.xctest */ = {isa = PBXFileReference; includeInIndex = 0; lastKnownFileType = wrapper.cfbundle; path = BentoDeckTests.xctest; sourceTree = BUILT_PRODUCTS_DIR; };
		B72579DB00A0D470C65A2D16 /* BentoDeckWidget.appex */ = {isa = PBXFileReference; includeInIndex = 0; lastKnownFileType = "wrapper.app-extension"; path = BentoDeckWidget.appex; sourceTree = BUILT_PRODUCTS_DIR; };
		B8E9E95EC7DC7745255B48CA /* Assets.xcassets */ = {isa = PBXFileReference; lastKnownFileType = folder.assetcatalog; path = Assets.xcassets; sourceTree = "<group>"; };
		B9EA693CD52325641C144569 /* BentoDeck.app */ = {isa = PBXFileReference; includeInIndex = 0; lastKnownFileType = wrapper.application; path = BentoDeck.app; sourceTree = BUILT_PRODUCTS_DIR; };
		BF02746382B308D8C8BDC49A /* JSONValueTests.swift */ = {isa = PBXFileReference; lastKnownFileType = sourcecode.swift; path = JSONValueTests.swift; sourceTree = "<group>"; };
		C52F6926C9D194DED7E3E351 /* FocusIntent.swift */ = {isa = PBXFileReference; lastKnownFileType = sourcecode.swift; path = FocusIntent.swift; sourceTree = "<group>"; };
		C6E2078DF2D525B54FE32C99 /* BentoDeckWidgetBundle.swift */ = {isa = PBXFileReference; lastKnownFileType = sourcecode.swift; path = BentoDeckWidgetBundle.swift; sourceTree = "<group>"; };
		C7250406F0CE2EE6D9B1A60F /* Theme.swift */ = {isa = PBXFileReference; lastKnownFileType = sourcecode.swift; path = Theme.swift; sourceTree = "<group>"; };
		C7D5EC96F32468792ADF6AFE /* LockWidget.swift */ = {isa = PBXFileReference; lastKnownFileType = sourcecode.swift; path = LockWidget.swift; sourceTree = "<group>"; };
		C8930EEF19F01EC6BF63AE76 /* SnapshotValueTests.swift */ = {isa = PBXFileReference; lastKnownFileType = sourcecode.swift; path = SnapshotValueTests.swift; sourceTree = "<group>"; };
		CE73979EBE12C60AC6E3408A /* BentoLayout.swift */ = {isa = PBXFileReference; lastKnownFileType = sourcecode.swift; path = BentoLayout.swift; sourceTree = "<group>"; };
		D0205F643FEB50BB1328BCDC /* ThemeTests.swift */ = {isa = PBXFileReference; lastKnownFileType = sourcecode.swift; path = ThemeTests.swift; sourceTree = "<group>"; };
		D1A1D2D85A99EE428BC40333 /* Info.plist */ = {isa = PBXFileReference; lastKnownFileType = text.plist; path = Info.plist; sourceTree = "<group>"; };
		DBEE93697804A93AFBE9CCE5 /* WidgetTypeTests.swift */ = {isa = PBXFileReference; lastKnownFileType = sourcecode.swift; path = WidgetTypeTests.swift; sourceTree = "<group>"; };
		DE67445684544EBCF9DA9793 /* RootView.swift */ = {isa = PBXFileReference; lastKnownFileType = sourcecode.swift; path = RootView.swift; sourceTree = "<group>"; };
		DF740EC5E4BE80170022C1E0 /* Info.plist */ = {isa = PBXFileReference; lastKnownFileType = text.plist; path = Info.plist; sourceTree = "<group>"; };
		EF0A2115E17686B1CFB0B3FD /* FocusWidget.swift */ = {isa = PBXFileReference; lastKnownFileType = sourcecode.swift; path = FocusWidget.swift; sourceTree = "<group>"; };
		F4B989F6F04FE33D22987444 /* RefreshManager.swift */ = {isa = PBXFileReference; lastKnownFileType = sourcecode.swift; path = RefreshManager.swift; sourceTree = "<group>"; };
/* End PBXFileReference section */

/* Begin PBXGroup section */
		29AE0FCA2351CC60DAFB9BEE /* Widget */ = {
			isa = PBXGroup;
			children = (
				552192F29EE2BAC427C320E6 /* AnomalyLiveActivity.swift */,
				C6E2078DF2D525B54FE32C99 /* BentoDeckWidgetBundle.swift */,
				C52F6926C9D194DED7E3E351 /* FocusIntent.swift */,
				876AFAFB0EF140C67CC6D401 /* FocusView.swift */,
				EF0A2115E17686B1CFB0B3FD /* FocusWidget.swift */,
				9041D7284BA9E60806816FA4 /* HomeWidget.swift */,
				DF740EC5E4BE80170022C1E0 /* Info.plist */,
				C7D5EC96F32468792ADF6AFE /* LockWidget.swift */,
				07EC9D8FB8A885F9036C13B4 /* Provider.swift */,
			);
			path = Widget;
			sourceTree = "<group>";
		};
		3516DFE17B8C5855ACE0E25E /* Products */ = {
			isa = PBXGroup;
			children = (
				B9EA693CD52325641C144569 /* BentoDeck.app */,
				B5472249BA7F461F6B63D61A /* BentoDeckTests.xctest */,
				B72579DB00A0D470C65A2D16 /* BentoDeckWidget.appex */,
			);
			name = Products;
			sourceTree = "<group>";
		};
		3F976937079A661E1D13D282 /* Tests */ = {
			isa = PBXGroup;
			children = (
				646FD998400515644038D31D /* BentoDeckLinkTests.swift */,
				641CB75ECB7AFF26A59DA791 /* BentoLayoutTests.swift */,
				8528CBF28F8F974774F1A2BF /* InvestigationTests.swift */,
				BF02746382B308D8C8BDC49A /* JSONValueTests.swift */,
				1C1B45115084E044505DD862 /* SharedStoreTests.swift */,
				003DA0D8F4D0D76EDC1F4F23 /* SnapshotResponseTests.swift */,
				C8930EEF19F01EC6BF63AE76 /* SnapshotValueTests.swift */,
				D0205F643FEB50BB1328BCDC /* ThemeTests.swift */,
				DBEE93697804A93AFBE9CCE5 /* WidgetTypeTests.swift */,
			);
			path = Tests;
			sourceTree = "<group>";
		};
		41A7B66E63A85F6251ECC451 /* Sources */ = {
			isa = PBXGroup;
			children = (
				B89234A167AF61CE445A4799 /* App */,
				A8947E105C51C8FD58C32CF8 /* Shared */,
				29AE0FCA2351CC60DAFB9BEE /* Widget */,
			);
			path = Sources;
			sourceTree = "<group>";
		};
		A8947E105C51C8FD58C32CF8 /* Shared */ = {
			isa = PBXGroup;
			children = (
				2D23B5CA7B7388F7D069ED9B /* AnomalyAttributes.swift */,
				9B7D1F823812304C825523D4 /* APIClient.swift */,
				CE73979EBE12C60AC6E3408A /* BentoLayout.swift */,
				76C0CEF7AF390D1D6180D97F /* Config.swift */,
				0631E05A0153DF5C1D6D0EBB /* Dashboard.swift */,
				6652D4E97E4CA868E7281012 /* SharedStore.swift */,
				1391BD1F68F6CA4AD060043F /* Sparkline.swift */,
				C7250406F0CE2EE6D9B1A60F /* Theme.swift */,
			);
			path = Shared;
			sourceTree = "<group>";
		};
		B89234A167AF61CE445A4799 /* App */ = {
			isa = PBXGroup;
			children = (
				686F22EACFE0372400DF478A /* BentoDeckApp.swift */,
				1559FF7908EB05ED101B5610 /* BentoGridView.swift */,
				820D0ED54E66451D70FAED07 /* DashboardDetailView.swift */,
				0C0872674FF04EB1399B575B /* DashboardListView.swift */,
				D1A1D2D85A99EE428BC40333 /* Info.plist */,
				35205FBBB142EA7F70372017 /* InvestigationDetailView.swift */,
				82186DB409A9A0CB85E9AD23 /* LiveActivityManager.swift */,
				F4B989F6F04FE33D22987444 /* RefreshManager.swift */,
				DE67445684544EBCF9DA9793 /* RootView.swift */,
				108C73115A730D83FBB2E827 /* WidgetCardView.swift */,
			);
			path = App;
			sourceTree = "<group>";
		};
		F34C2C56F2C148624D498961 = {
			isa = PBXGroup;
			children = (
				B8E9E95EC7DC7745255B48CA /* Assets.xcassets */,
				41A7B66E63A85F6251ECC451 /* Sources */,
				3F976937079A661E1D13D282 /* Tests */,
				3516DFE17B8C5855ACE0E25E /* Products */,
			);
			sourceTree = "<group>";
		};
/* End PBXGroup section */

/* Begin PBXNativeTarget section */
		975D603E904453AF949F207F /* BentoDeck */ = {
			isa = PBXNativeTarget;
			buildConfigurationList = 2156B75D84D9BD4B393FE251 /* Build configuration list for PBXNativeTarget "BentoDeck" */;
			buildPhases = (
				47D231EAB1F1BD953E36D01F /* Sources */,
				FF72938B342FE28DC1681156 /* Resources */,
				FCC708024D07D82258EA3076 /* Embed Foundation Extensions */,
			);
			buildRules = (
			);
			dependencies = (
				CBAC560175E5A9A31EA03418 /* PBXTargetDependency */,
			);
			name = BentoDeck;
			packageProductDependencies = (
			);
			productName = BentoDeck;
			productReference = B9EA693CD52325641C144569 /* BentoDeck.app */;
			productType = "com.apple.product-type.application";
		};
		C605573875F57C67112E22F0 /* BentoDeckTests */ = {
			isa = PBXNativeTarget;
			buildConfigurationList = C6300457D67D8661EE6D2051 /* Build configuration list for PBXNativeTarget "BentoDeckTests" */;
			buildPhases = (
				0FEB64232AD6FDD244A58EAE /* Sources */,
			);
			buildRules = (
			);
			dependencies = (
				5087BE6D4CE0AE006C91CE44 /* PBXTargetDependency */,
			);
			name = BentoDeckTests;
			packageProductDependencies = (
			);
			productName = BentoDeckTests;
			productReference = B5472249BA7F461F6B63D61A /* BentoDeckTests.xctest */;
			productType = "com.apple.product-type.bundle.unit-test";
		};
		FE719512D79C8FDBC1965A22 /* BentoDeckWidget */ = {
			isa = PBXNativeTarget;
			buildConfigurationList = C286F4644102E55DBF3138CF /* Build configuration list for PBXNativeTarget "BentoDeckWidget" */;
			buildPhases = (
				C35D46F4446E7DFDA5DF8451 /* Sources */,
			);
			buildRules = (
			);
			dependencies = (
			);
			name = BentoDeckWidget;
			packageProductDependencies = (
			);
			productName = BentoDeckWidget;
			productReference = B72579DB00A0D470C65A2D16 /* BentoDeckWidget.appex */;
			productType = "com.apple.product-type.app-extension";
		};
/* End PBXNativeTarget section */

/* Begin PBXProject section */
		D6AC2D220DF813CCA564AA02 /* Project object */ = {
			isa = PBXProject;
			attributes = {
				BuildIndependentTargetsInParallel = YES;
				LastUpgradeCheck = 1430;
				TargetAttributes = {
					975D603E904453AF949F207F = {
						DevelopmentTeam = "";
						ProvisioningStyle = Automatic;
					};
					C605573875F57C67112E22F0 = {
						DevelopmentTeam = "";
						ProvisioningStyle = Automatic;
					};
					FE719512D79C8FDBC1965A22 = {
						DevelopmentTeam = "";
						ProvisioningStyle = Automatic;
					};
				};
			};
			buildConfigurationList = 7B6DC07A80CDEE5E41228EE7 /* Build configuration list for PBXProject "BentoDeck" */;
			developmentRegion = en;
			hasScannedForEncodings = 0;
			knownRegions = (
				Base,
				en,
			);
			mainGroup = F34C2C56F2C148624D498961;
			minimizedProjectReferenceProxies = 1;
			preferredProjectObjectVersion = 77;
			productRefGroup = 3516DFE17B8C5855ACE0E25E /* Products */;
			projectDirPath = "";
			projectRoot = "";
			targets = (
				975D603E904453AF949F207F /* BentoDeck */,
				C605573875F57C67112E22F0 /* BentoDeckTests */,
				FE719512D79C8FDBC1965A22 /* BentoDeckWidget */,
			);
		};
/* End PBXProject section */

/* Begin PBXResourcesBuildPhase section */
		FF72938B342FE28DC1681156 /* Resources */ = {
			isa = PBXResourcesBuildPhase;
			buildActionMask = 2147483647;
			files = (
				2C2D05538E11233FC9E808B5 /* Assets.xcassets in Resources */,
			);
			runOnlyForDeploymentPostprocessing = 0;
		};
/* End PBXResourcesBuildPhase section */

/* Begin PBXSourcesBuildPhase section */
		0FEB64232AD6FDD244A58EAE /* Sources */ = {
			isa = PBXSourcesBuildPhase;
			buildActionMask = 2147483647;
			files = (
				3E9DC9857EE9D19691631A72 /* BentoDeckLinkTests.swift in Sources */,
				A35DEDDE0F598D3F4C52C27B /* BentoLayoutTests.swift in Sources */,
				7C26B0108F019E2144BECFBA /* InvestigationTests.swift in Sources */,
				350B2A7D171A6E29C79CFA27 /* JSONValueTests.swift in Sources */,
				A2EBB436478292175355D103 /* SharedStoreTests.swift in Sources */,
				6B4ED0D8EB46AECFF66A014D /* SnapshotResponseTests.swift in Sources */,
				6D44645F9230F24F62132C30 /* SnapshotValueTests.swift in Sources */,
				F0346D96611D486017C89B64 /* ThemeTests.swift in Sources */,
				8368A8121912B05B7E7DC9F0 /* WidgetTypeTests.swift in Sources */,
			);
			runOnlyForDeploymentPostprocessing = 0;
		};
		47D231EAB1F1BD953E36D01F /* Sources */ = {
			isa = PBXSourcesBuildPhase;
			buildActionMask = 2147483647;
			files = (
				1C775F71731BC7A34302FCA9 /* APIClient.swift in Sources */,
				1701113339ECB4F7F8BD3DE6 /* AnomalyAttributes.swift in Sources */,
				F999B758A9A7E659DA149278 /* BentoDeckApp.swift in Sources */,
				0348C931143DAF202CEAB3FB /* BentoGridView.swift in Sources */,
				A2AE2437DBF271FAB77177AA /* BentoLayout.swift in Sources */,
				39A1FA2D3E47E502B7263487 /* Config.swift in Sources */,
				EFCD37107213DF34F08411EA /* Dashboard.swift in Sources */,
				FF6701E6DF7116E9FB2B5F85 /* DashboardDetailView.swift in Sources */,
				5819DB590D4C8CCCE03E325C /* DashboardListView.swift in Sources */,
				F252BBF8F3609827C4D62CB7 /* InvestigationDetailView.swift in Sources */,
				A9BCF9B86478D4062FB14270 /* LiveActivityManager.swift in Sources */,
				C7093604EC399197510DDA8E /* RefreshManager.swift in Sources */,
				94912C7D66C3FDAF07FFED5A /* RootView.swift in Sources */,
				8C342234DAC6D520428D20BC /* SharedStore.swift in Sources */,
				74371F857CDCE4671F667048 /* Sparkline.swift in Sources */,
				FAB6D553CAA0468DCB9EC063 /* Theme.swift in Sources */,
				703638ED7FA8934919A8BA99 /* WidgetCardView.swift in Sources */,
			);
			runOnlyForDeploymentPostprocessing = 0;
		};
		C35D46F4446E7DFDA5DF8451 /* Sources */ = {
			isa = PBXSourcesBuildPhase;
			buildActionMask = 2147483647;
			files = (
				F11873EF6955B7E7C9E7D063 /* APIClient.swift in Sources */,
				3237A8562551CFFC3A1EDBEC /* AnomalyAttributes.swift in Sources */,
				981944333D799BD4EBD13BE5 /* AnomalyLiveActivity.swift in Sources */,
				A6F50BA9302C1A0F77C29231 /* BentoDeckWidgetBundle.swift in Sources */,
				40B4AD9F4E145D135494C913 /* BentoLayout.swift in Sources */,
				9B0009AC45B1004AA90C32C9 /* Config.swift in Sources */,
				8D1A5DCB3EFCFA043E5FEE26 /* Dashboard.swift in Sources */,
				9FB37EBB0B439446FB70E5C6 /* FocusIntent.swift in Sources */,
				C754DAB9E096A8609035B52C /* FocusView.swift in Sources */,
				E415CFD4ED4D9B1EDD3AE8DF /* FocusWidget.swift in Sources */,
				92AF8D8A5DA7E3A8F146132C /* HomeWidget.swift in Sources */,
				E40CF7B52A18853611FDA9CA /* LockWidget.swift in Sources */,
				7C2D1C8A1F3C4716AE765CEB /* Provider.swift in Sources */,
				4043023EC2A63DAFBED5D2FA /* SharedStore.swift in Sources */,
				4EFFC22710DE065113C25D38 /* Sparkline.swift in Sources */,
				0291D9EB147F2289FCFD85C0 /* Theme.swift in Sources */,
			);
			runOnlyForDeploymentPostprocessing = 0;
		};
/* End PBXSourcesBuildPhase section */

/* Begin PBXTargetDependency section */
		5087BE6D4CE0AE006C91CE44 /* PBXTargetDependency */ = {
			isa = PBXTargetDependency;
			target = 975D603E904453AF949F207F /* BentoDeck */;
			targetProxy = 1E050E1941003DD55E881AA0 /* PBXContainerItemProxy */;
		};
		CBAC560175E5A9A31EA03418 /* PBXTargetDependency */ = {
			isa = PBXTargetDependency;
			target = FE719512D79C8FDBC1965A22 /* BentoDeckWidget */;
			targetProxy = 085F3A566482376ADF9EFB68 /* PBXContainerItemProxy */;
		};
/* End PBXTargetDependency section */

/* Begin XCBuildConfiguration section */
		0965F12B0D441F74B7003809 /* Debug */ = {
			isa = XCBuildConfiguration;
			buildSettings = {
				ALWAYS_SEARCH_USER_PATHS = NO;
				CLANG_ANALYZER_NONNULL = YES;
				CLANG_ANALYZER_NUMBER_OBJECT_CONVERSION = YES_AGGRESSIVE;
				CLANG_CXX_LANGUAGE_STANDARD = "gnu++14";
				CLANG_CXX_LIBRARY = "libc++";
				CLANG_ENABLE_MODULES = YES;
				CLANG_ENABLE_OBJC_ARC = YES;
				CLANG_ENABLE_OBJC_WEAK = YES;
				CLANG_WARN_BLOCK_CAPTURE_AUTORELEASING = YES;
				CLANG_WARN_BOOL_CONVERSION = YES;
				CLANG_WARN_COMMA = YES;
				CLANG_WARN_CONSTANT_CONVERSION = YES;
				CLANG_WARN_DEPRECATED_OBJC_IMPLEMENTATIONS = YES;
				CLANG_WARN_DIRECT_OBJC_ISA_USAGE = YES_ERROR;
				CLANG_WARN_DOCUMENTATION_COMMENTS = YES;
				CLANG_WARN_EMPTY_BODY = YES;
				CLANG_WARN_ENUM_CONVERSION = YES;
				CLANG_WARN_INFINITE_RECURSION = YES;
				CLANG_WARN_INT_CONVERSION = YES;
				CLANG_WARN_NON_LITERAL_NULL_CONVERSION = YES;
				CLANG_WARN_OBJC_IMPLICIT_RETAIN_SELF = YES;
				CLANG_WARN_OBJC_LITERAL_CONVERSION = YES;
				CLANG_WARN_OBJC_ROOT_CLASS = YES_ERROR;
				CLANG_WARN_QUOTED_INCLUDE_IN_FRAMEWORK_HEADER = YES;
				CLANG_WARN_RANGE_LOOP_ANALYSIS = YES;
				CLANG_WARN_STRICT_PROTOTYPES = YES;
				CLANG_WARN_SUSPICIOUS_MOVE = YES;
				CLANG_WARN_UNGUARDED_AVAILABILITY = YES_AGGRESSIVE;
				CLANG_WARN_UNREACHABLE_CODE = YES;
				CLANG_WARN__DUPLICATE_METHOD_MATCH = YES;
				CODE_SIGN_STYLE = Automatic;
				COPY_PHASE_STRIP = NO;
				CURRENT_PROJECT_VERSION = 1;
				DEBUG_INFORMATION_FORMAT = dwarf;
				DEVELOPMENT_TEAM = "";
				ENABLE_STRICT_OBJC_MSGSEND = YES;
				ENABLE_TESTABILITY = YES;
				ENABLE_USER_SCRIPT_SANDBOXING = YES;
				GCC_C_LANGUAGE_STANDARD = gnu11;
				GCC_DYNAMIC_NO_PIC = NO;
				GCC_NO_COMMON_BLOCKS = YES;
				GCC_OPTIMIZATION_LEVEL = 0;
				GCC_PREPROCESSOR_DEFINITIONS = (
					"$(inherited)",
					"DEBUG=1",
				);
				GCC_WARN_64_TO_32_BIT_CONVERSION = YES;
				GCC_WARN_ABOUT_RETURN_TYPE = YES_ERROR;
				GCC_WARN_UNDECLARED_SELECTOR = YES;
				GCC_WARN_UNINITIALIZED_AUTOS = YES_AGGRESSIVE;
				GCC_WARN_UNUSED_FUNCTION = YES;
				GCC_WARN_UNUSED_VARIABLE = YES;
				IPHONEOS_DEPLOYMENT_TARGET = 17.0;
				MARKETING_VERSION = 0.1.0;
				MTL_ENABLE_DEBUG_INFO = INCLUDE_SOURCE;
				MTL_FAST_MATH = YES;
				ONLY_ACTIVE_ARCH = YES;
				PRODUCT_NAME = "$(TARGET_NAME)";
				SDKROOT = iphoneos;
				SWIFT_ACTIVE_COMPILATION_CONDITIONS = DEBUG;
				SWIFT_EMIT_LOC_STRINGS = YES;
				SWIFT_OPTIMIZATION_LEVEL = "-Onone";
				SWIFT_VERSION = 5.10;
			};
			name = Debug;
		};
		0FF73B321E621B31574C69C3 /* Release */ = {
			isa = XCBuildConfiguration;
			buildSettings = {
				ASSETCATALOG_COMPILER_APPICON_NAME = AppIcon;
				CODE_SIGN_ENTITLEMENTS = BentoDeck.entitlements;
				CODE_SIGN_IDENTITY = "iPhone Developer";
				INFOPLIST_FILE = Sources/App/Info.plist;
				INFOPLIST_KEY_UIApplicationSceneManifest_Generation = YES;
				INFOPLIST_KEY_UILaunchScreen_Generation = YES;
				LD_RUNPATH_SEARCH_PATHS = (
					"$(inherited)",
					"@executable_path/Frameworks",
				);
				PRODUCT_BUNDLE_IDENTIFIER = com.intuitostudio.bentodeck;
				SDKROOT = iphoneos;
				SUPPORTS_MACCATALYST = NO;
				SWIFT_APPROACHABLE_CONCURRENCY = YES;
				TARGETED_DEVICE_FAMILY = "1,2";
			};
			name = Release;
		};
		119D9B001D822EEDD4DB3C2A /* Release */ = {
			isa = XCBuildConfiguration;
			buildSettings = {
				CODE_SIGN_ENTITLEMENTS = BentoDeckWidget.entitlements;
				INFOPLIST_FILE = Sources/Widget/Info.plist;
				LD_RUNPATH_SEARCH_PATHS = (
					"$(inherited)",
					"@executable_path/Frameworks",
					"@executable_path/../../Frameworks",
				);
				PRODUCT_BUNDLE_IDENTIFIER = com.intuitostudio.bentodeck.widget;
				SDKROOT = iphoneos;
				TARGETED_DEVICE_FAMILY = "1,2";
			};
			name = Release;
		};
		36D7ABC8AAA52A9E72DEC2C6 /* Debug */ = {
			isa = XCBuildConfiguration;
			buildSettings = {
				CODE_SIGN_ENTITLEMENTS = BentoDeckWidget.entitlements;
				INFOPLIST_FILE = Sources/Widget/Info.plist;
				LD_RUNPATH_SEARCH_PATHS = (
					"$(inherited)",
					"@executable_path/Frameworks",
					"@executable_path/../../Frameworks",
				);
				PRODUCT_BUNDLE_IDENTIFIER = com.intuitostudio.bentodeck.widget;
				SDKROOT = iphoneos;
				TARGETED_DEVICE_FAMILY = "1,2";
			};
			name = Debug;
		};
		3EE1D8950C1F3C051E7797D5 /* Debug */ = {
			isa = XCBuildConfiguration;
			buildSettings = {
				BUNDLE_LOADER = "$(TEST_HOST)";
				GENERATE_INFOPLIST_FILE = YES;
				LD_RUNPATH_SEARCH_PATHS = (
					"$(inherited)",
					"@executable_path/Frameworks",
					"@loader_path/Frameworks",
				);
				PRODUCT_BUNDLE_IDENTIFIER = com.intuitostudio.bentodeck.tests;
				SDKROOT = iphoneos;
				TARGETED_DEVICE_FAMILY = "1,2";
				TEST_HOST = "$(BUILT_PRODUCTS_DIR)/BentoDeck.app/$(BUNDLE_EXECUTABLE_FOLDER_PATH)/BentoDeck";
			};
			name = Debug;
		};
		5E04651C1F0138CD42E74CC6 /* Release */ = {
			isa = XCBuildConfiguration;
			buildSettings = {
				ALWAYS_SEARCH_USER_PATHS = NO;
				CLANG_ANALYZER_NONNULL = YES;
				CLANG_ANALYZER_NUMBER_OBJECT_CONVERSION = YES_AGGRESSIVE;
				CLANG_CXX_LANGUAGE_STANDARD = "gnu++14";
				CLANG_CXX_LIBRARY = "libc++";
				CLANG_ENABLE_MODULES = YES;
				CLANG_ENABLE_OBJC_ARC = YES;
				CLANG_ENABLE_OBJC_WEAK = YES;
				CLANG_WARN_BLOCK_CAPTURE_AUTORELEASING = YES;
				CLANG_WARN_BOOL_CONVERSION = YES;
				CLANG_WARN_COMMA = YES;
				CLANG_WARN_CONSTANT_CONVERSION = YES;
				CLANG_WARN_DEPRECATED_OBJC_IMPLEMENTATIONS = YES;
				CLANG_WARN_DIRECT_OBJC_ISA_USAGE = YES_ERROR;
				CLANG_WARN_DOCUMENTATION_COMMENTS = YES;
				CLANG_WARN_EMPTY_BODY = YES;
				CLANG_WARN_ENUM_CONVERSION = YES;
				CLANG_WARN_INFINITE_RECURSION = YES;
				CLANG_WARN_INT_CONVERSION = YES;
				CLANG_WARN_NON_LITERAL_NULL_CONVERSION = YES;
				CLANG_WARN_OBJC_IMPLICIT_RETAIN_SELF = YES;
				CLANG_WARN_OBJC_LITERAL_CONVERSION = YES;
				CLANG_WARN_OBJC_ROOT_CLASS = YES_ERROR;
				CLANG_WARN_QUOTED_INCLUDE_IN_FRAMEWORK_HEADER = YES;
				CLANG_WARN_RANGE_LOOP_ANALYSIS = YES;
				CLANG_WARN_STRICT_PROTOTYPES = YES;
				CLANG_WARN_SUSPICIOUS_MOVE = YES;
				CLANG_WARN_UNGUARDED_AVAILABILITY = YES_AGGRESSIVE;
				CLANG_WARN_UNREACHABLE_CODE = YES;
				CLANG_WARN__DUPLICATE_METHOD_MATCH = YES;
				CODE_SIGN_STYLE = Automatic;
				COPY_PHASE_STRIP = NO;
				CURRENT_PROJECT_VERSION = 1;
				DEBUG_INFORMATION_FORMAT = "dwarf-with-dsym";
				DEVELOPMENT_TEAM = "";
				ENABLE_NS_ASSERTIONS = NO;
				ENABLE_STRICT_OBJC_MSGSEND = YES;
				ENABLE_USER_SCRIPT_SANDBOXING = YES;
				GCC_C_LANGUAGE_STANDARD = gnu11;
				GCC_NO_COMMON_BLOCKS = YES;
				GCC_WARN_64_TO_32_BIT_CONVERSION = YES;
				GCC_WARN_ABOUT_RETURN_TYPE = YES_ERROR;
				GCC_WARN_UNDECLARED_SELECTOR = YES;
				GCC_WARN_UNINITIALIZED_AUTOS = YES_AGGRESSIVE;
				GCC_WARN_UNUSED_FUNCTION = YES;
				GCC_WARN_UNUSED_VARIABLE = YES;
				IPHONEOS_DEPLOYMENT_TARGET = 17.0;
				MARKETING_VERSION = 0.1.0;
				MTL_ENABLE_DEBUG_INFO = NO;
				MTL_FAST_MATH = YES;
				PRODUCT_NAME = "$(TARGET_NAME)";
				SDKROOT = iphoneos;
				SWIFT_COMPILATION_MODE = wholemodule;
				SWIFT_EMIT_LOC_STRINGS = YES;
				SWIFT_OPTIMIZATION_LEVEL = "-O";
				SWIFT_VERSION = 5.10;
			};
			name = Release;
		};
		A8419696D676F6D102A1F07B /* Debug */ = {
			isa = XCBuildConfiguration;
			buildSettings = {
				ASSETCATALOG_COMPILER_APPICON_NAME = AppIcon;
				CODE_SIGN_ENTITLEMENTS = BentoDeck.entitlements;
				CODE_SIGN_IDENTITY = "iPhone Developer";
				INFOPLIST_FILE = Sources/App/Info.plist;
				INFOPLIST_KEY_UIApplicationSceneManifest_Generation = YES;
				INFOPLIST_KEY_UILaunchScreen_Generation = YES;
				LD_RUNPATH_SEARCH_PATHS = (
					"$(inherited)",
					"@executable_path/Frameworks",
				);
				PRODUCT_BUNDLE_IDENTIFIER = com.intuitostudio.bentodeck;
				SDKROOT = iphoneos;
				SUPPORTS_MACCATALYST = NO;
				SWIFT_APPROACHABLE_CONCURRENCY = YES;
				TARGETED_DEVICE_FAMILY = "1,2";
			};
			name = Debug;
		};
		FA4542315FD3980040A352A7 /* Release */ = {
			isa = XCBuildConfiguration;
			buildSettings = {
				BUNDLE_LOADER = "$(TEST_HOST)";
				GENERATE_INFOPLIST_FILE = YES;
				LD_RUNPATH_SEARCH_PATHS = (
					"$(inherited)",
					"@executable_path/Frameworks",
					"@loader_path/Frameworks",
				);
				PRODUCT_BUNDLE_IDENTIFIER = com.intuitostudio.bentodeck.tests;
				SDKROOT = iphoneos;
				TARGETED_DEVICE_FAMILY = "1,2";
				TEST_HOST = "$(BUILT_PRODUCTS_DIR)/BentoDeck.app/$(BUNDLE_EXECUTABLE_FOLDER_PATH)/BentoDeck";
			};
			name = Release;
		};
/* End XCBuildConfiguration section */

/* Begin XCConfigurationList section */
		2156B75D84D9BD4B393FE251 /* Build configuration list for PBXNativeTarget "BentoDeck" */ = {
			isa = XCConfigurationList;
			buildConfigurations = (
				A8419696D676F6D102A1F07B /* Debug */,
				0FF73B321E621B31574C69C3 /* Release */,
			);
			defaultConfigurationIsVisible = 0;
			defaultConfigurationName = Debug;
		};
		7B6DC07A80CDEE5E41228EE7 /* Build configuration list for PBXProject "BentoDeck" */ = {
			isa = XCConfigurationList;
			buildConfigurations = (
				0965F12B0D441F74B7003809 /* Debug */,
				5E04651C1F0138CD42E74CC6 /* Release */,
			);
			defaultConfigurationIsVisible = 0;
			defaultConfigurationName = Debug;
		};
		C286F4644102E55DBF3138CF /* Build configuration list for PBXNativeTarget "BentoDeckWidget" */ = {
			isa = XCConfigurationList;
			buildConfigurations = (
				36D7ABC8AAA52A9E72DEC2C6 /* Debug */,
				119D9B001D822EEDD4DB3C2A /* Release */,
			);
			defaultConfigurationIsVisible = 0;
			defaultConfigurationName = Debug;
		};
		C6300457D67D8661EE6D2051 /* Build configuration list for PBXNativeTarget "BentoDeckTests" */ = {
			isa = XCConfigurationList;
			buildConfigurations = (
				3EE1D8950C1F3C051E7797D5 /* Debug */,
				FA4542315FD3980040A352A7 /* Release */,
			);
			defaultConfigurationIsVisible = 0;
			defaultConfigurationName = Debug;
		};
/* End XCConfigurationList section */
	};
	rootObject = D6AC2D220DF813CCA564AA02 /* Project object */;
}
